
Microsoft Visual Studio Solution File, Format Version 12.00
# Visual Studio 2012
Project("{8BC9CEB8-8B4A-11D0-8D11-00A0C91BC942}") = "Lista2", "Lista2\Lista2.vcxproj", "{ACE7CAE3-5B44-45EE-A324-2E8BA0BE00CF}"
EndProject
Global
	GlobalSection(SolutionConfigurationPlatforms) = preSolution
		Debug|Win32 = Debug|Win32
		Release|Win32 = Release|Win32
	EndGlobalSection
	GlobalSection(ProjectConfigurationPlatforms) = postSolution
		{ACE7CAE3-5B44-45EE-A324-2E8BA0BE00CF}.Debug|Win32.ActiveCfg = Debug|Win32
		{ACE7CAE3-5B44-45EE-A324-2E8BA0BE00CF}.Debug|Win32.Build.0 = Debug|Win32
		{ACE7CAE3-5B44-45EE-A324-2E8BA0BE00CF}.Release|Win32.ActiveCfg = Release|Win32
		{ACE7CAE3-5B44-45EE-A324-2E8BA0BE00CF}.Release|Win32.Build.0 = Release|Win32
	EndGlobalSection
	GlobalSection(SolutionProperties) = preSolution
		HideSolutionNode = FALSE
	EndGlobalSection
EndGlobal
