
Microsoft Visual Studio Solution File, Format Version 12.00
# Visual Studio 2012
Project("{8BC9CEB8-8B4A-11D0-8D11-00A0C91BC942}") = "Lista1", "Lista1\Lista1.vcxproj", "{61565DE8-0D80-40C9-BEF0-90DB95A2E703}"
EndProject
Global
	GlobalSection(SolutionConfigurationPlatforms) = preSolution
		Debug|Win32 = Debug|Win32
		Release|Win32 = Release|Win32
	EndGlobalSection
	GlobalSection(ProjectConfigurationPlatforms) = postSolution
		{61565DE8-0D80-40C9-BEF0-90DB95A2E703}.Debug|Win32.ActiveCfg = Debug|Win32
		{61565DE8-0D80-40C9-BEF0-90DB95A2E703}.Debug|Win32.Build.0 = Debug|Win32
		{61565DE8-0D80-40C9-BEF0-90DB95A2E703}.Release|Win32.ActiveCfg = Release|Win32
		{61565DE8-0D80-40C9-BEF0-90DB95A2E703}.Release|Win32.Build.0 = Release|Win32
	EndGlobalSection
	GlobalSection(SolutionProperties) = preSolution
		HideSolutionNode = FALSE
	EndGlobalSection
EndGlobal
