
Microsoft Visual Studio Solution File, Format Version 12.00
# Visual Studio 2012
Project("{8BC9CEB8-8B4A-11D0-8D11-00A0C91BC942}") = "Lista2", "Lista2\Lista2.vcxproj", "{1F9A4500-6C60-4663-B1DB-28222A11B5C7}"
EndProject
Global
	GlobalSection(SolutionConfigurationPlatforms) = preSolution
		Debug|Win32 = Debug|Win32
		Release|Win32 = Release|Win32
	EndGlobalSection
	GlobalSection(ProjectConfigurationPlatforms) = postSolution
		{1F9A4500-6C60-4663-B1DB-28222A11B5C7}.Debug|Win32.ActiveCfg = Debug|Win32
		{1F9A4500-6C60-4663-B1DB-28222A11B5C7}.Debug|Win32.Build.0 = Debug|Win32
		{1F9A4500-6C60-4663-B1DB-28222A11B5C7}.Release|Win32.ActiveCfg = Release|Win32
		{1F9A4500-6C60-4663-B1DB-28222A11B5C7}.Release|Win32.Build.0 = Release|Win32
	EndGlobalSection
	GlobalSection(SolutionProperties) = preSolution
		HideSolutionNode = FALSE
	EndGlobalSection
	GlobalSection(Performance) = preSolution
		HasPerformanceSessions = true
	EndGlobalSection
EndGlobal
