<?xml version="1.0" encoding="utf-8"?>
<Project ToolsVersion="4.0" xmlns="http://schemas.microsoft.com/developer/msbuild/2003">
  <ItemGroup>
    <Filter Include="Source Files">
      <UniqueIdentifier>{4FC737F1-C7A5-4376-A066-2A32D752A2FF}</UniqueIdentifier>
      <Extensions>cpp;c;cc;cxx;def;odl;idl;hpj;bat;asm;asmx</Extensions>
    </Filter>
    <Filter Include="Header Files">
      <UniqueIdentifier>{93995380-89BD-4b04-88EB-625FBE52EBFB}</UniqueIdentifier>
      <Extensions>h;hpp;hxx;hm;inl;inc;xsd</Extensions>
    </Filter>
    <Filter Include="Resource Files">
      <UniqueIdentifier>{67DA6AB6-F800-4c08-8B7A-83BB121AAD01}</UniqueIdentifier>
      <Extensions>rc;ico;cur;bmp;dlg;rc2;rct;bin;rgs;gif;jpg;jpeg;jpe;resx;tiff;tif;png;wav;mfcribbon-ms</Extensions>
    </Filter>
  </ItemGroup>
  <ItemGroup>
    <ClInclude Include="Punkt3d.h">
      <Filter>Header Files</Filter>
    </ClInclude>
    <ClInclude Include="Wektor3d.h">
      <Filter>Header Files</Filter>
    </ClInclude>
    <ClInclude Include="Kula.h">
      <Filter>Header Files</Filter>
    </ClInclude>
    <ClInclude Include="Bryla.h">
      <Filter>Header Files</Filter>
    </ClInclude>
    <ClInclude Include="PunktPrzeciecia.h">
      <Filter>Header Files</Filter>
    </ClInclude>
    <ClInclude Include="Promien3d.h">
      <Filter>Header Files</Filter>
    </ClInclude>
    <ClInclude Include="Walec.h">
      <Filter>Header Files</Filter>
    </ClInclude>
    <ClInclude Include="Prostokat3d.h">
      <Filter>Header Files</Filter>
    </ClInclude>
    <ClInclude Include="Plaszczyzna3d.h">
      <Filter>Header Files</Filter>
    </ClInclude>
    <ClInclude Include="Prostopadloscian.h">
      <Filter>Header Files</Filter>
    </ClInclude>
    <ClInclude Include="Scena.h">
      <Filter>Header Files</Filter>
    </ClInclude>
    <ClInclude Include="ElementIstnieje.h">
      <Filter>Header Files</Filter>
    </ClInclude>
  </ItemGroup>
  <ItemGroup>
    <ClCompile Include="Kula.cpp">
      <Filter>Source Files</Filter>
    </ClCompile>
    <ClCompile Include="Walec.cpp">
      <Filter>Source Files</Filter>
    </ClCompile>
    <ClCompile Include="Prostokat3d.cpp">
      <Filter>Source Files</Filter>
    </ClCompile>
    <ClCompile Include="Plaszczyzna3d.cpp">
      <Filter>Source Files</Filter>
    </ClCompile>
    <ClCompile Include="Prostopadloscian.cpp">
      <Filter>Source Files</Filter>
    </ClCompile>
    <ClCompile Include="Scena.cpp">
      <Filter>Source Files</Filter>
    </ClCompile>
    <ClCompile Include="main.cpp">
      <Filter>Source Files</Filter>
    </ClCompile>
    <ClCompile Include="Punkt3d.cpp">
      <Filter>Source Files</Filter>
    </ClCompile>
  </ItemGroup>
</Project>